{
  "name": "family-tree",
  "version": "1.0.0",
  "lockfileVersion": 3,
  "requires": true,
  "packages": {
    "": {
      "name": "family-tree",
      "version": "1.0.0",
      "license": "ISC",
      "dependencies": {
        "mobx": "^6.13.7",
        "react": "^19.1.0"
      },
      "devDependencies": {
        "typescript": "^5.8.3"
      }
    },
    "node_modules/mobx": {
      "version": "6.13.7",
      "resolved": "https://registry.npmjs.org/mobx/-/mobx-6.13.7.tgz",
      "integrity": "sha512-aChaVU/DO5aRPmk1GX8L+whocagUUpBQqoPtJk+cm7UOXUk87J4PeWCh6nNmTTIfEhiR9DI/+FnA8dln/hTK7g==",
      "funding": {
        "type": "opencollective",
        "url": "https://opencollective.com/mobx"
      }
    },
    "node_modules/react": {
      "version": "19.1.0",
      "resolved": "https://registry.npmjs.org/react/-/react-19.1.0.tgz",
      "integrity": "sha512-FS+XFBNvn3GTAWq26joslQgWNoFu08F4kl0J4CgdNKADkdSGXQyTCnKteIAJy96Br6YbpEU1LSzV5dYtjMkMDg==",
      "engines": {
        "node": ">=0.10.0"
      }
    },
    "node_modules/typescript": {
      "version": "5.8.3",
      "resolved": "https://registry.npmjs.org/typescript/-/typescript-5.8.3.tgz",
      "integrity": "sha512-p1diW6TqL9L07nNxvRMM7hMMw4c5XOo/1ibL4aAIGmSAt9slTE1Xgw5KWuof2uTOvCg9BY7ZRi+GaF+7sfgPeQ==",
      "dev": true,
      "bin": {
        "tsc": "bin/tsc",
        "tsserver": "bin/tsserver"
      },
      "engines": {
        "node": ">=14.17"
      }
    }
  }
}
